# This file is automatically @generated by Cargo.
# It is not intended for manual editing.
version = 3

[[package]]
name = "cc"
version = "1.0.73"
source = "registry+https://github.com/rust-lang/crates.io-index"
checksum = "2fff2a6927b3bb87f9595d67196a70493f627687a71d87a0d692242c33f58c11"

[[package]]
name = "cmake"
version = "0.1.48"
source = "registry+https://github.com/rust-lang/crates.io-index"
checksum = "e8ad8cef104ac57b68b89df3208164d228503abbdce70f6880ffa3d970e7443a"
dependencies = [
 "cc",
]

[[package]]
name = "fltk"
version = "0.10.15"
source = "registry+https://github.com/rust-lang/crates.io-index"
checksum = "d93c6d11ea2891be467b03e7014b44698126a149c54c2116c78256f3e848a29d"
dependencies = [
 "fltk-derive",
 "fltk-sys",
]

[[package]]
name = "fltk-derive"
version = "0.10.15"
source = "registry+https://github.com/rust-lang/crates.io-index"
checksum = "314ed78bcaba356fe7033fd064118abeb7e2c2307551e2fd304b400794e55a84"
dependencies = [
 "quote",
 "syn",
]

[[package]]
name = "fltk-sys"
version = "0.10.15"
source = "registry+https://github.com/rust-lang/crates.io-index"
checksum = "83e994c5902660697668ba716ce3da185b106d33bb804dff5c5951b77529f3f6"
dependencies = [
 "cmake",
 "libc",
]

[[package]]
name = "ics3u-rst-2"
version = "0.1.0"
dependencies = [
 "fltk",
]

[[package]]
name = "libc"
version = "0.2.126"
source = "registry+https://github.com/rust-lang/crates.io-index"
checksum = "349d5a591cd28b49e1d1037471617a32ddcda5731b99419008085f72d5a53836"

[[package]]
name = "proc-macro2"
version = "1.0.39"
source = "registry+https://github.com/rust-lang/crates.io-index"
checksum = "c54b25569025b7fc9651de43004ae593a75ad88543b17178aa5e1b9c4f15f56f"
dependencies = [
 "unicode-ident",
]

[[package]]
name = "quote"
version = "1.0.18"
source = "registry+https://github.com/rust-lang/crates.io-index"
checksum = "a1feb54ed693b93a84e14094943b84b7c4eae204c512b7ccb95ab0c66d278ad1"
dependencies = [
 "proc-macro2",
]

[[package]]
name = "syn"
version = "1.0.96"
source = "registry+https://github.com/rust-lang/crates.io-index"
checksum = "0748dd251e24453cb8717f0354206b91557e4ec8703673a4b30208f2abaf1ebf"
dependencies = [
 "proc-macro2",
 "quote",
 "unicode-ident",
]

[[package]]
name = "unicode-ident"
version = "1.0.0"
source = "registry+https://github.com/rust-lang/crates.io-index"
checksum = "d22af068fba1eb5edcb4aea19d382b2a3deb4c8f9d475c589b6ada9e0fd493ee"
